
Microsoft Visual Studio Solution File, Format Version 12.00
# Visual Studio 15
VisualStudioVersion = 15.0.27703.2026
MinimumVisualStudioVersion = 10.0.40219.1
Project("{FAE04EC0-301F-11D3-BF4B-00C04F79EFBC}") = "FinancialManagement.Web", "FinancialManagement.Web\FinancialManagement.Web.csproj", "{21B1C1C1-B8BE-47B0-B253-15AA5C6892E6}"
EndProject
Project("{FAE04EC0-301F-11D3-BF4B-00C04F79EFBC}") = "FinancialManagement.Web.Tests", "FinancialManagement.Web.Tests\FinancialManagement.Web.Tests.csproj", "{BFB095F7-8052-4511-BDD5-0692A378B3A2}"
EndProject
Global
	GlobalSection(SolutionConfigurationPlatforms) = preSolution
		Debug|Any CPU = Debug|Any CPU
		Release|Any CPU = Release|Any CPU
	EndGlobalSection
	GlobalSection(ProjectConfigurationPlatforms) = postSolution
		{21B1C1C1-B8BE-47B0-B253-15AA5C6892E6}.Debug|Any CPU.ActiveCfg = Debug|Any CPU
		{21B1C1C1-B8BE-47B0-B253-15AA5C6892E6}.Debug|Any CPU.Build.0 = Debug|Any CPU
		{21B1C1C1-B8BE-47B0-B253-15AA5C6892E6}.Release|Any CPU.ActiveCfg = Release|Any CPU
		{21B1C1C1-B8BE-47B0-B253-15AA5C6892E6}.Release|Any CPU.Build.0 = Release|Any CPU
		{BFB095F7-8052-4511-BDD5-0692A378B3A2}.Debug|Any CPU.ActiveCfg = Debug|Any CPU
		{BFB095F7-8052-4511-BDD5-0692A378B3A2}.Debug|Any CPU.Build.0 = Debug|Any CPU
		{BFB095F7-8052-4511-BDD5-0692A378B3A2}.Release|Any CPU.ActiveCfg = Release|Any CPU
		{BFB095F7-8052-4511-BDD5-0692A378B3A2}.Release|Any CPU.Build.0 = Release|Any CPU
	EndGlobalSection
	GlobalSection(SolutionProperties) = preSolution
		HideSolutionNode = FALSE
	EndGlobalSection
	GlobalSection(ExtensibilityGlobals) = postSolution
		SolutionGuid = {E62C738C-2DC4-4083-B36C-AD6C861D72A0}
	EndGlobalSection
EndGlobal
